
Microsoft Visual Studio Solution File, Format Version 12.00
# Visual Studio 2013
VisualStudioVersion = 12.0.31101.0
MinimumVisualStudioVersion = 10.0.40219.1
Project("{FAE04EC0-301F-11D3-BF4B-00C04F79EFBC}") = "Orwell", "Orwell\Orwell.csproj", "{00DDB439-E8A3-4C39-88D8-E87A92E4CBB9}"
EndProject
Project("{FAE04EC0-301F-11D3-BF4B-00C04F79EFBC}") = "DAL", "DAL\DAL.csproj", "{0ECCCDE1-DBC3-41EF-8FDF-CBAE478A6E15}"
EndProject
Global
	GlobalSection(SolutionConfigurationPlatforms) = preSolution
		Debug|Any CPU = Debug|Any CPU
		Release|Any CPU = Release|Any CPU
	EndGlobalSection
	GlobalSection(ProjectConfigurationPlatforms) = postSolution
		{00DDB439-E8A3-4C39-88D8-E87A92E4CBB9}.Debug|Any CPU.ActiveCfg = Debug|Any CPU
		{00DDB439-E8A3-4C39-88D8-E87A92E4CBB9}.Debug|Any CPU.Build.0 = Debug|Any CPU
		{00DDB439-E8A3-4C39-88D8-E87A92E4CBB9}.Release|Any CPU.ActiveCfg = Release|Any CPU
		{00DDB439-E8A3-4C39-88D8-E87A92E4CBB9}.Release|Any CPU.Build.0 = Release|Any CPU
		{0ECCCDE1-DBC3-41EF-8FDF-CBAE478A6E15}.Debug|Any CPU.ActiveCfg = Debug|Any CPU
		{0ECCCDE1-DBC3-41EF-8FDF-CBAE478A6E15}.Debug|Any CPU.Build.0 = Debug|Any CPU
		{0ECCCDE1-DBC3-41EF-8FDF-CBAE478A6E15}.Release|Any CPU.ActiveCfg = Release|Any CPU
		{0ECCCDE1-DBC3-41EF-8FDF-CBAE478A6E15}.Release|Any CPU.Build.0 = Release|Any CPU
	EndGlobalSection
	GlobalSection(SolutionProperties) = preSolution
		HideSolutionNode = FALSE
	EndGlobalSection
EndGlobal
